
Microsoft Visual Studio Solution File, Format Version 12.00
# Visual Studio Version 17
VisualStudioVersion = 17.10.34928.147
MinimumVisualStudioVersion = 10.0.40219.1
Project("{FAE04EC0-301F-11D3-BF4B-00C04F79EFBC}") = "Dependency Injection", "Dependency Injection.csproj", "{5236EA52-FA22-4789-B1AE-D2432C431346}"
EndProject
Global
	GlobalSection(SolutionConfigurationPlatforms) = preSolution
		Debug|Any CPU = Debug|Any CPU
		Release|Any CPU = Release|Any CPU
	EndGlobalSection
	GlobalSection(ProjectConfigurationPlatforms) = postSolution
		{5236EA52-FA22-4789-B1AE-D2432C431346}.Debug|Any CPU.ActiveCfg = Debug|Any CPU
		{5236EA52-FA22-4789-B1AE-D2432C431346}.Debug|Any CPU.Build.0 = Debug|Any CPU
		{5236EA52-FA22-4789-B1AE-D2432C431346}.Release|Any CPU.ActiveCfg = Release|Any CPU
		{5236EA52-FA22-4789-B1AE-D2432C431346}.Release|Any CPU.Build.0 = Release|Any CPU
	EndGlobalSection
	GlobalSection(SolutionProperties) = preSolution
		HideSolutionNode = FALSE
	EndGlobalSection
	GlobalSection(ExtensibilityGlobals) = postSolution
		SolutionGuid = {746454FB-0BEE-4AA4-9E8A-29D984A16A9E}
	EndGlobalSection
EndGlobal
